
Microsoft Visual Studio Solution File, Format Version 12.00
# Visual Studio Version 17
VisualStudioVersion = 17.6.33829.357
MinimumVisualStudioVersion = 10.0.40219.1
Project("{FAE04EC0-301F-11D3-BF4B-00C04F79EFBC}") = "GuitarApp", "GuitarApp.csproj", "{6FCA7E81-187B-4817-A058-39F0CB038068}"
EndProject
Global
	GlobalSection(SolutionConfigurationPlatforms) = preSolution
		Debug|Any CPU = Debug|Any CPU
		Release|Any CPU = Release|Any CPU
	EndGlobalSection
	GlobalSection(ProjectConfigurationPlatforms) = postSolution
		{6FCA7E81-187B-4817-A058-39F0CB038068}.Debug|Any CPU.ActiveCfg = Debug|Any CPU
		{6FCA7E81-187B-4817-A058-39F0CB038068}.Debug|Any CPU.Build.0 = Debug|Any CPU
		{6FCA7E81-187B-4817-A058-39F0CB038068}.Release|Any CPU.ActiveCfg = Release|Any CPU
		{6FCA7E81-187B-4817-A058-39F0CB038068}.Release|Any CPU.Build.0 = Release|Any CPU
	EndGlobalSection
	GlobalSection(SolutionProperties) = preSolution
		HideSolutionNode = FALSE
	EndGlobalSection
	GlobalSection(ExtensibilityGlobals) = postSolution
		SolutionGuid = {8800D904-E7F5-4823-AD66-6E2479B91AD9}
	EndGlobalSection
EndGlobal
